github.com/cpuguy83/go-md2man/v2 v2.0.6/go.mod h1:oOW0eioCTA6cOiMLiUPZOpcVxMig6NIQQ7OS05n1F4g=
github.com/ebitengine/oto/v3 v3.4.0 h1:br0PgASsEWaoWn38b2Goe7m1GKFYfNgnsjSd5Gg+/bQ=
github.com/ebitengine/oto/v3 v3.4.0/go.mod h1:IOleLVD0m+CMak3mRVwsYY8vTctQgOM0iiL6S7Ar7eI=
github.com/ebitengine/purego v0.9.0 h1:mh0zpKBIXDceC63hpvPuGLiJ8ZAa3DfrFTudmfi8A4k=
github.com/ebitengine/purego v0.9.0/go.mod h1:iIjxzd6CiRiOG0UyXP+V1+jWqUXVjPKLAI0mRfJZTmQ=
github.com/godexture/codec-flac v0.0.0 h1:ynAqM9U3gRZaDq3pbCyD55fVKRQtuKW2EGpW+XWl3pQ=
github.com/godexture/codec-flac v0.0.0/go.mod h1:1yaXK05vZatMJOpVr+GEo5rcRCLdHi+8rdQqX6I7+MU=
github.com/godexture/codec-mp3 v0.0.0 h1:iACFVru5ue6ZYRUvjoFIDQlNM6ZEKasENYRLaJsG/lA=
github.com/godexture/codec-mp3 v0.0.0/go.mod h1:nLWUmKmZJpPcixzYfpILU+hGqEvhcRwSR09gmZSt18g=
github.com/godexture/codec-pcm v0.0.0 h1:nYprs+N8Uido/zwwSeQKIC9+P7YhiGk5/EtVjtkLdJE=
github.com/godexture/codec-pcm v0.0.0/go.mod h1:C/tc8BjqLJTZ6fC4teBPz9B/lW1IHfs5ZMsce1SKHNQ=
github.com/godexture/core v0.0.0 h1:fozCrR3S19NwVHkZcReN9RsOOB1Az8/oOh/PEnmOqiE=
github.com/godexture/core v0.0.0/go.mod h1:yt6zGJFtFFh/LyD2sDKAKZDpbRi//lDeaJbpHdDNtyA=
github.com/godexture/filter-audio v0.0.0 h1:dudJaWvjcHckaPcHWdTveYTCFJAc7AWx5Jic16gdqAE=
github.com/godexture/filter-audio v0.0.0/go.mod h1:5A9r9kZGy2AtP1X35ahMQx89+k1b/jolnBfoeB6yHSY=
github.com/godexture/format-flac v0.0.0 h1:u4qOruyvChxLexhW1Vq3QdvDOO8HLcVmdpVYmMxyxjc=
github.com/godexture/format-flac v0.0.0/go.mod h1:Fma08FR0TX/9TNBadwri/oKNyKAuf5NC5n15y8guFUc=
github.com/godexture/format-mp3 v0.0.0 h1:VQT3cbGDfx6mWs5E07NhgZ9innjfenhYBRNhmoM2Y3I=
github.com/godexture/format-mp3 v0.0.0/go.mod h1:moNkUH72vB6nDc3WHCLZ2FBktJt+tezy54HwdcTCLr0=
github.com/godexture/format-wav v0.0.0 h1:N/6hyKxYN+mNPoCUD7au6PN6FRbjvwoY/RA9Xx8FktQ=
github.com/godexture/format-wav v0.0.0/go.mod h1:d9sT7x11csDzQXqu+M9K3SPjYxSaL9fjcD7vPv/Rk6o=
github.com/godexture/metadata-id3 v0.0.0 h1:3H4mOs6b70ALIXCEuJvC8qxtWDqddRuI99GBvgNvun8=
github.com/godexture/metadata-id3 v0.0.0/go.mod h1:7LxG0+Uo6i40RxgJooLKnv4WkF5E2ornRnpIhqgKRzM=
github.com/godexture/metadata-vorbiscomment v0.0.0 h1:AwFn3L3jaweu7M7P+dCuNSqOL7L9kwjmnxuj/bdTBco=
github.com/godexture/metadata-vorbiscomment v0.0.0/go.mod h1:s14IG/O6I3rBAy4mb391Dhohg+geikFoCBgFmO4f+ls=
github.com/godexture/sdk v0.0.0 h1:m2F/PU5bH9jcu48yxgmrrX290rfChiMyYhH/Rjy8EQk=
github.com/godexture/sdk v0.0.0/go.mod h1:wt2jWG+IbH+A44NwTxokO65vCywNhvryR/vjcnlvMtQ=
github.com/inconshreveable/mousetrap v1.1.0 h1:wN+x4NVGpMsO7ErUn/mUI3vEoE6Jt13X2s0bqwp9tc8=
github.com/inconshreveable/mousetrap v1.1.0/go.mod h1:vpF70FUmC8bwa3OWnCshd2FqLfsEA9PFc4w1p2J65bw=
github.com/muesli/cancelreader v0.2.2 h1:3I4Kt4BQjOR54NavqnDogx/MIoWBFa0StPA8ELUXHmA=
github.com/muesli/cancelreader v0.2.2/go.mod h1:3XuTXfFS2VjM+HTLZY9Ak0l6eUKfijIfMUZ4EgX0QYo=
github.com/russross/blackfriday/v2 v2.1.0/go.mod h1:+Rmxgy9KzJVeS9/2gXHxylqXiyQDYRxCVz55jmeOWTM=
github.com/spf13/cobra v1.10.2 h1:DMTTonx5m65Ic0GOoRY2c16WCbHxOOw6xxezuLaBpcU=
github.com/spf13/cobra v1.10.2/go.mod h1:7C1pvHqHw5A4vrJfjNwvOdzYu0Gml16OCs2GRiTUUS4=
github.com/spf13/pflag v1.0.9/go.mod h1:McXfInJRrz4CZXVZOBLb0bTZqETkiAhM9Iw0y3An2Bg=
github.com/spf13/pflag v1.0.10 h1:4EBh2KAYBwaONj6b2Ye1GiHfwjqyROoF4RwYO+vPwFk=
github.com/spf13/pflag v1.0.10/go.mod h1:McXfInJRrz4CZXVZOBLb0bTZqETkiAhM9Iw0y3An2Bg=
go.yaml.in/yaml/v3 v3.0.4/go.mod h1:DhzuOOF2ATzADvBadXxruRBLzYTpT36CKvDb3+aBEFg=
golang.org/x/sync v0.21.0 h1:HLII4xRRTtCRkxYp4HNFF0Js/Og6q2i++KXbg0gHCwM=
golang.org/x/sync v0.21.0/go.mod h1:9xrNwdLfx4jkKbNva9FpL6vEN7evnE43NNNJQ2LF3+0=
golang.org/x/sys v0.47.0 h1:o7XGOvZQCADBQQ4Y7VNq2dRWQR7JmOUW8Kxx4ZsNgWs=
golang.org/x/sys v0.47.0/go.mod h1:4GL1E5IUh+htKOUEOaiffhrAeqysfVGipDYzABqnCmw=
golang.org/x/term v0.45.0 h1:NwWyBmoJCbfTHpxrWoZ9C6/VxOf7ic219I8xZZFdrf0=
golang.org/x/term v0.45.0/go.mod h1:9aqxs0blBcrm/n0L9QW0aRVD+ktan8ssZromtqJC43w=
gopkg.in/check.v1 v0.0.0-20161208181325-20d25e280405/go.mod h1:Co6ibVJAznAaIkqp8huTwlJQCZ016jof/cbN4VW5Yz0=
