github.com/godexture/core v0.0.0 h1:fozCrR3S19NwVHkZcReN9RsOOB1Az8/oOh/PEnmOqiE=
github.com/godexture/core v0.0.0/go.mod h1:yt6zGJFtFFh/LyD2sDKAKZDpbRi//lDeaJbpHdDNtyA=
github.com/godexture/sdk v0.0.0 h1:m2F/PU5bH9jcu48yxgmrrX290rfChiMyYhH/Rjy8EQk=
github.com/godexture/sdk v0.0.0/go.mod h1:wt2jWG+IbH+A44NwTxokO65vCywNhvryR/vjcnlvMtQ=
