github.com/davecgh/go-spew v1.1.1 h1:vj9j/u1bqnvCEfJOwUhtlOARqs3+rkHYY13jYWTU97c=
github.com/davecgh/go-spew v1.1.1/go.mod h1:J7Y8YcW2NihsgmVo/mv3lAwl/skON4iLHjSsI+c5H38=
github.com/godexture/codec-flac v0.1.1 h1:Smii18jiXw/tFZB24dj6m3Kua8yVIHdU+lTdOtrKDdI=
github.com/godexture/codec-flac v0.1.1/go.mod h1:nVRp/JaLhyEaQwLP2S2/lFAPC4MR3iXXXQRHaeribSM=
github.com/godexture/codec-mp3 v0.1.1 h1:7S/HTV+1NJRCWh6NV5wUozDue4+NcD5RP4p+G6IJOn8=
github.com/godexture/codec-mp3 v0.1.1/go.mod h1:vGkfOU5HkttR19r/xNe0o+bY9RVqdRNYxyk3YrNnDdg=
github.com/godexture/codec-pcm v0.1.1 h1:t2gm77GSNLiOMoJLK4IcoUSy3TYAuEm93Mtnl9eZV78=
github.com/godexture/codec-pcm v0.1.1/go.mod h1:C/tc8BjqLJTZ6fC4teBPz9B/lW1IHfs5ZMsce1SKHNQ=
github.com/godexture/core v0.1.1 h1:o54N6AsxBDgf/bnW8pfoZTrk5DjY8rettyfrVeFGKNA=
github.com/godexture/core v0.1.1/go.mod h1:yt6zGJFtFFh/LyD2sDKAKZDpbRi//lDeaJbpHdDNtyA=
github.com/godexture/filter-audio v0.1.1 h1:Xxn38wb1WM1x4mV0UgZuhjyg7+H1dqdUlRINPVgkmRQ=
github.com/godexture/filter-audio v0.1.1/go.mod h1:q0RR9UN7zXLgfs68nwJHUWVs53HHkIksl6Do3acC6I0=
github.com/godexture/format-flac v0.1.1 h1:QcBcmly3ALNDNEc2/8O6yoPbkuOgqoWxYHILMOKj+18=
github.com/godexture/format-flac v0.1.1/go.mod h1:jK8kzPgW9P2p8vEYCJa84EhrfVBwP2WyBAU0oJ8CPGk=
github.com/godexture/format-mp3 v0.1.1 h1:2tPIGcib5GLS5uyt1nZn/zH7em+RxTFYsRbAMXQSI+I=
github.com/godexture/format-mp3 v0.1.1/go.mod h1:S7bQl6mnQXCnxEuaG586ytpz9P9Z8nRb2I5Cu9XLZbU=
github.com/godexture/format-wav v0.1.1 h1:L5VpHUZRVwas+FWrYsxEtTdPhSQL70yyOo+GLTwB96M=
github.com/godexture/format-wav v0.1.1/go.mod h1:7CD3wiDOahN2Btrc9sysvimaGmE6yP5cMGIC5qgxqrE=
github.com/godexture/metadata-id3 v0.1.0 h1:p1r79X3Oh4gqougfVtxvDWHe8RsHTf2L37cH78droiU=
github.com/godexture/metadata-id3 v0.1.0/go.mod h1:OSOn1UNRK9F1XvTg+kJ3dEQDPLU36ilDxU5GzT4Al7k=
github.com/godexture/metadata-vorbiscomment v0.1.0 h1:44GEm1JI0LqOCxJQl/wZxfRcnGlYueXIqHWey5ksDN8=
github.com/godexture/metadata-vorbiscomment v0.1.0/go.mod h1:GdvakURpBZcTxdebqxND0OBolHko5fXh9JKtBDaXuVM=
github.com/godexture/sdk v0.1.1 h1:kWxs4k9m1l8CCnYvyoQkUbaDyZEq+p7T9Zdzv38MqP8=
github.com/godexture/sdk v0.1.1/go.mod h1:wt2jWG+IbH+A44NwTxokO65vCywNhvryR/vjcnlvMtQ=
github.com/labstack/echo/v4 v4.15.4 h1:DL45vVYa+BWE+XuW+zZNd9H0YEdZ80UAWJGcTVW4EVs=
github.com/labstack/echo/v4 v4.15.4/go.mod h1:CuMetKIRwsuO/qlAgMq+KTAalwGoB/h4tC+yPdrTj1g=
github.com/labstack/gommon v0.5.0 h1:6VSQ2NOzsnEJ5W6+84E0RbcaDDmgB6NIAzWCczTEe6c=
github.com/labstack/gommon v0.5.0/go.mod h1:Rzlg7HHy1maLfzBYGg9NZcVuz1sA68HHhLjhcEllYE0=
github.com/mattn/go-colorable v0.1.15 h1:+u9SLTRGnXv73cEsnsmoZBom+dMU88B2M0aDcWy0/jY=
github.com/mattn/go-colorable v0.1.15/go.mod h1:6LmQG8QLFO4G5z1gPvYEzlUgJ2wF+stgPZH1UqBm1s8=
github.com/mattn/go-isatty v0.0.22 h1:j8l17JJ9i6VGPUFUYoTUKPSgKe/83EYU2zBC7YNKMw4=
github.com/mattn/go-isatty v0.0.22/go.mod h1:ZXfXG4SQHsB/w3ZeOYbR0PrPwLy+n6xiMrJlRFqopa4=
github.com/pmezard/go-difflib v1.0.0 h1:4DBwDE0NGyQoBHbLQYPwSUPoCMWR5BEzIk/f1lZbAQM=
github.com/pmezard/go-difflib v1.0.0/go.mod h1:iKH77koFhYxTK1pcRnkKkqfTogsbg7gZNVY4sRDYZ/4=
github.com/spf13/pflag v1.0.10 h1:4EBh2KAYBwaONj6b2Ye1GiHfwjqyROoF4RwYO+vPwFk=
github.com/spf13/pflag v1.0.10/go.mod h1:McXfInJRrz4CZXVZOBLb0bTZqETkiAhM9Iw0y3An2Bg=
github.com/stretchr/testify v1.11.1 h1:7s2iGBzp5EwR7/aIZr8ao5+dra3wiQyKjjFuvgVKu7U=
github.com/stretchr/testify v1.11.1/go.mod h1:wZwfW3scLgRK+23gO65QZefKpKQRnfz6sD981Nm4B6U=
github.com/valyala/bytebufferpool v1.0.0 h1:GqA5TC/0021Y/b9FG4Oi9Mr3q7XYx6KllzawFIhcdPw=
github.com/valyala/bytebufferpool v1.0.0/go.mod h1:6bBcMArwyJ5K/AmCkWv1jt77kVWyCJ6HpOuEn7z0Csc=
github.com/valyala/fasttemplate v1.2.2 h1:lxLXG0uE3Qnshl9QyaK6XJxMXlQZELvChBOCmQD0Loo=
github.com/valyala/fasttemplate v1.2.2/go.mod h1:KHLXt3tVN2HBp8eijSv/kGJopbvo7S+qRAEEKiv+SiQ=
golang.org/x/crypto v0.53.0 h1:QZ4Muo8THX6CizN2vPPd5fBGHyogrdK9fG4wLPFUsto=
golang.org/x/crypto v0.53.0/go.mod h1:DNLU434OwVakk9PzuwV8w62mAJpRJL3vsgcfp4Qnsio=
golang.org/x/net v0.56.0 h1:Rw8j/hFzGvJUZwNBXnAtf5sVDVt+65SK2C7IxCxZt5o=
golang.org/x/net v0.56.0/go.mod h1:D3Ku6r+V6JROoZK144D2XfMHFcMq/0zSfLelVTCFKec=
golang.org/x/sync v0.21.0 h1:HLII4xRRTtCRkxYp4HNFF0Js/Og6q2i++KXbg0gHCwM=
golang.org/x/sync v0.21.0/go.mod h1:9xrNwdLfx4jkKbNva9FpL6vEN7evnE43NNNJQ2LF3+0=
golang.org/x/sys v0.46.0 h1:noSf2Fq6F8DBgS+LysIkx7rIExoNHJsxOAtPp4rthXw=
golang.org/x/sys v0.46.0/go.mod h1:4GL1E5IUh+htKOUEOaiffhrAeqysfVGipDYzABqnCmw=
golang.org/x/text v0.38.0 h1:sXmwo9DwP3OK9EZ7PqAdaooSGozfl/3a6/xJcbzPRhE=
golang.org/x/text v0.38.0/go.mod h1:YXZt3QhHUKYT53r2lLKFIVi6Ao1jdzrTR/KQ09qyxF4=
golang.org/x/time v0.15.0 h1:bbrp8t3bGUeFOx08pvsMYRTCVSMk89u4tKbNOZbp88U=
golang.org/x/time v0.15.0/go.mod h1:Y4YMaQmXwGQZoFaVFk4YpCt4FLQMYKZe9oeV/f4MSno=
gopkg.in/yaml.v3 v3.0.1 h1:fxVm/GzAzEWqLHuvctI91KS9hhNmmWOoWu0XTYJS7CA=
gopkg.in/yaml.v3 v3.0.1/go.mod h1:K4uyk7z7BCEPqu6E+C64Yfv1cQ7kz7rIZviUmN+EgEM=
